// !$*UTF8*$!
{
	archiveVersion = 1;
	classes = {
	};
	objectVersion = 51;
	objects = {

/* Begin PBXBuildFile section */
		5E277DFD2715E3F700AADE61 /* LoginViewController.swift in Sources */ = {isa = PBXBuildFile; fileRef = 5E277DFC2715E3F700AADE61 /* LoginViewController.swift */; };
		5E277E062715EAC500AADE61 /* UserTypeViewController.swift in Sources */ = {isa = PBXBuildFile; fileRef = 5E277E052715EAC500AADE61 /* UserTypeViewController.swift */; };
		5E277E0A2715EAD900AADE61 /* UserNameViewController.swift in Sources */ = {isa = PBXBuildFile; fileRef = 5E277E092715EAD900AADE61 /* UserNameViewController.swift */; };
		5E277E0D2715EAFA00AADE61 /* UserContactViewController.swift in Sources */ = {isa = PBXBuildFile; fileRef = 5E277E0C2715EAFA00AADE61 /* UserContactViewController.swift */; };
		5E277E102715EB0600AADE61 /* UserInfoViewController.swift in Sources */ = {isa = PBXBuildFile; fileRef = 5E277E0F2715EB0600AADE61 /* UserInfoViewController.swift */; };
		5E277E132715EB1100AADE61 /* UserRegisterViewController.swift in Sources */ = {isa = PBXBuildFile; fileRef = 5E277E122715EB1100AADE61 /* UserRegisterViewController.swift */; };
		5E277E162715EB1A00AADE61 /* UserPhotoViewController.swift in Sources */ = {isa = PBXBuildFile; fileRef = 5E277E152715EB1A00AADE61 /* UserPhotoViewController.swift */; };
		5E2E69E6273C3DBA0060D395 /* MyBookingsViewController.swift in Sources */ = {isa = PBXBuildFile; fileRef = 5E2E69E5273C3DBA0060D395 /* MyBookingsViewController.swift */; };
		5E2E69E9273C3DD40060D395 /* BookingCell.swift in Sources */ = {isa = PBXBuildFile; fileRef = 5E2E69E8273C3DD40060D395 /* BookingCell.swift */; };
		5E38AE12271E57AC00F48879 /* SitterDetailsViewController.swift in Sources */ = {isa = PBXBuildFile; fileRef = 5E38AE11271E57AC00F48879 /* SitterDetailsViewController.swift */; };
		5E40A3C62703E8A0001B94AC /* AppDelegate.swift in Sources */ = {isa = PBXBuildFile; fileRef = 5E40A3C52703E8A0001B94AC /* AppDelegate.swift */; };
		5E40A3C82703E8A0001B94AC /* SceneDelegate.swift in Sources */ = {isa = PBXBuildFile; fileRef = 5E40A3C72703E8A0001B94AC /* SceneDelegate.swift */; };
		5E40A3CD2703E8A0001B94AC /* Main.storyboard in Resources */ = {isa = PBXBuildFile; fileRef = 5E40A3CB2703E8A0001B94AC /* Main.storyboard */; };
		5E40A3CF2703E8A0001B94AC /* Assets.xcassets in Resources */ = {isa = PBXBuildFile; fileRef = 5E40A3CE2703E8A0001B94AC /* Assets.xcassets */; };
		5E40A3D22703E8A0001B94AC /* LaunchScreen.storyboard in Resources */ = {isa = PBXBuildFile; fileRef = 5E40A3D02703E8A0001B94AC /* LaunchScreen.storyboard */; };
		5E66193C271665ED006191D2 /* UserHomeScreenViewController.swift in Sources */ = {isa = PBXBuildFile; fileRef = 5E66193B271665ED006191D2 /* UserHomeScreenViewController.swift */; };
		5E66193F271669C4006191D2 /* UserHomeScreenTableViewCell.swift in Sources */ = {isa = PBXBuildFile; fileRef = 5E66193E271669C4006191D2 /* UserHomeScreenTableViewCell.swift */; };
		5EAFFED0271F6BC8005A02CA /* ViewUserInfoViewController.swift in Sources */ = {isa = PBXBuildFile; fileRef = 5EAFFECF271F6BC8005A02CA /* ViewUserInfoViewController.swift */; };
		5EAFFED3271F6E96005A02CA /* PetCollectionViewCell.swift in Sources */ = {isa = PBXBuildFile; fileRef = 5EAFFED2271F6E96005A02CA /* PetCollectionViewCell.swift */; };
		7594AFCAAB4CB4E746663F5B /* Pods_PetSitterApp.framework in Frameworks */ = {isa = PBXBuildFile; fileRef = 108D78A76DD32F1B38B62B91 /* Pods_PetSitterApp.framework */; };
/* End PBXBuildFile section */

/* Begin PBXFileReference section */
		01E12B56D454C69177FDB205 /* Pods-PetSitterApp.release.xcconfig */ = {isa = PBXFileReference; includeInIndex = 1; lastKnownFileType = text.xcconfig; name = "Pods-PetSitterApp.release.xcconfig"; path = "Target Support Files/Pods-PetSitterApp/Pods-PetSitterApp.release.xcconfig"; sourceTree = "<group>"; };
		108D78A76DD32F1B38B62B91 /* Pods_PetSitterApp.framework */ = {isa = PBXFileReference; explicitFileType = wrapper.framework; includeInIndex = 0; path = Pods_PetSitterApp.framework; sourceTree = BUILT_PRODUCTS_DIR; };
		5E277DFC2715E3F700AADE61 /* LoginViewController.swift */ = {isa = PBXFileReference; lastKnownFileType = sourcecode.swift; path = LoginViewController.swift; sourceTree = "<group>"; };
		5E277E052715EAC500AADE61 /* UserTypeViewController.swift */ = {isa = PBXFileReference; lastKnownFileType = sourcecode.swift; path = UserTypeViewController.swift; sourceTree = "<group>"; };
		5E277E092715EAD900AADE61 /* UserNameViewController.swift */ = {isa = PBXFileReference; lastKnownFileType = sourcecode.swift; path = UserNameViewController.swift; sourceTree = "<group>"; };
		5E277E0C2715EAFA00AADE61 /* UserContactViewController.swift */ = {isa = PBXFileReference; lastKnownFileType = sourcecode.swift; path = UserContactViewController.swift; sourceTree = "<group>"; };
		5E277E0F2715EB0600AADE61 /* UserInfoViewController.swift */ = {isa = PBXFileReference; lastKnownFileType = sourcecode.swift; path = UserInfoViewController.swift; sourceTree = "<group>"; };
		5E277E122715EB1100AADE61 /* UserRegisterViewController.swift */ = {isa = PBXFileReference; lastKnownFileType = sourcecode.swift; path = UserRegisterViewController.swift; sourceTree = "<group>"; };
		5E277E152715EB1A00AADE61 /* UserPhotoViewController.swift */ = {isa = PBXFileReference; lastKnownFileType = sourcecode.swift; path = UserPhotoViewController.swift; sourceTree = "<group>"; };
		5E2E69E5273C3DBA0060D395 /* MyBookingsViewController.swift */ = {isa = PBXFileReference; lastKnownFileType = sourcecode.swift; path = MyBookingsViewController.swift; sourceTree = "<group>"; };
		5E2E69E8273C3DD40060D395 /* BookingCell.swift */ = {isa = PBXFileReference; lastKnownFileType = sourcecode.swift; path = BookingCell.swift; sourceTree = "<group>"; };
		5E38AE11271E57AC00F48879 /* SitterDetailsViewController.swift */ = {isa = PBXFileReference; lastKnownFileType = sourcecode.swift; path = SitterDetailsViewController.swift; sourceTree = "<group>"; };
		5E40A3C22703E8A0001B94AC /* PetSitterApp.app */ = {isa = PBXFileReference; explicitFileType = wrapper.application; includeInIndex = 0; path = PetSitterApp.app; sourceTree = BUILT_PRODUCTS_DIR; };
		5E40A3C52703E8A0001B94AC /* AppDelegate.swift */ = {isa = PBXFileReference; lastKnownFileType = sourcecode.swift; path = AppDelegate.swift; sourceTree = "<group>"; };
		5E40A3C72703E8A0001B94AC /* SceneDelegate.swift */ = {isa = PBXFileReference; lastKnownFileType = sourcecode.swift; path = SceneDelegate.swift; sourceTree = "<group>"; };
		5E40A3CC2703E8A0001B94AC /* Base */ = {isa = PBXFileReference; lastKnownFileType = file.storyboard; name = Base; path = Base.lproj/Main.storyboard; sourceTree = "<group>"; };
		5E40A3CE2703E8A0001B94AC /* Assets.xcassets */ = {isa = PBXFileReference; lastKnownFileType = folder.assetcatalog; path = Assets.xcassets; sourceTree = "<group>"; };
		5E40A3D12703E8A0001B94AC /* Base */ = {isa = PBXFileReference; lastKnownFileType = file.storyboard; name = Base; path = Base.lproj/LaunchScreen.storyboard; sourceTree = "<group>"; };
		5E40A3D32703E8A0001B94AC /* Info.plist */ = {isa = PBXFileReference; lastKnownFileType = text.plist.xml; path = Info.plist; sourceTree = "<group>"; };
		5E66193B271665ED006191D2 /* UserHomeScreenViewController.swift */ = {isa = PBXFileReference; lastKnownFileType = sourcecode.swift; path = UserHomeScreenViewController.swift; sourceTree = "<group>"; };
		5E66193E271669C4006191D2 /* UserHomeScreenTableViewCell.swift */ = {isa = PBXFileReference; lastKnownFileType = sourcecode.swift; path = UserHomeScreenTableViewCell.swift; sourceTree = "<group>"; };
		5EAFFECF271F6BC8005A02CA /* ViewUserInfoViewController.swift */ = {isa = PBXFileReference; lastKnownFileType = sourcecode.swift; path = ViewUserInfoViewController.swift; sourceTree = "<group>"; };
		5EAFFED2271F6E96005A02CA /* PetCollectionViewCell.swift */ = {isa = PBXFileReference; lastKnownFileType = sourcecode.swift; path = PetCollectionViewCell.swift; sourceTree = "<group>"; };
		64C81C57E7A70257E8D1C2AD /* Pods-PetSitterApp.debug.xcconfig */ = {isa = PBXFileReference; includeInIndex = 1; lastKnownFileType = text.xcconfig; name = "Pods-PetSitterApp.debug.xcconfig"; path = "Target Support Files/Pods-PetSitterApp/Pods-PetSitterApp.debug.xcconfig"; sourceTree = "<group>"; };
/* End PBXFileReference section */

/* Begin PBXFrameworksBuildPhase section */
		5E40A3BF2703E8A0001B94AC /* Frameworks */ = {
			isa = PBXFrameworksBuildPhase;
			buildActionMask = 2147483647;
			files = (
				7594AFCAAB4CB4E746663F5B /* Pods_PetSitterApp.framework in Frameworks */,
			);
			runOnlyForDeploymentPostprocessing = 0;
		};
/* End PBXFrameworksBuildPhase section */

/* Begin PBXGroup section */
		5E277E002715E50B00AADE61 /* Model */ = {
			isa = PBXGroup;
			children = (
				5E66193E271669C4006191D2 /* UserHomeScreenTableViewCell.swift */,
				5EAFFED2271F6E96005A02CA /* PetCollectionViewCell.swift */,
				5E2E69E8273C3DD40060D395 /* BookingCell.swift */,
			);
			path = Model;
			sourceTree = "<group>";
		};
		5E277E012715E51300AADE61 /* View */ = {
			isa = PBXGroup;
			children = (
				5E40A3CB2703E8A0001B94AC /* Main.storyboard */,
				5E40A3D02703E8A0001B94AC /* LaunchScreen.storyboard */,
			);
			path = View;
			sourceTree = "<group>";
		};
		5E277E022715E51700AADE61 /* Controller */ = {
			isa = PBXGroup;
			children = (
				5E277E042715EAA000AADE61 /* Sign Up Controllers */,
				5E277DFC2715E3F700AADE61 /* LoginViewController.swift */,
				5E66193B271665ED006191D2 /* UserHomeScreenViewController.swift */,
				5E38AE11271E57AC00F48879 /* SitterDetailsViewController.swift */,
				5EAFFECF271F6BC8005A02CA /* ViewUserInfoViewController.swift */,
				5E2E69E5273C3DBA0060D395 /* MyBookingsViewController.swift */,
			);
			path = Controller;
			sourceTree = "<group>";
		};
		5E277E042715EAA000AADE61 /* Sign Up Controllers */ = {
			isa = PBXGroup;
			children = (
				5E277E052715EAC500AADE61 /* UserTypeViewController.swift */,
				5E277E092715EAD900AADE61 /* UserNameViewController.swift */,
				5E277E0C2715EAFA00AADE61 /* UserContactViewController.swift */,
				5E277E0F2715EB0600AADE61 /* UserInfoViewController.swift */,
				5E277E122715EB1100AADE61 /* UserRegisterViewController.swift */,
				5E277E152715EB1A00AADE61 /* UserPhotoViewController.swift */,
			);
			path = "Sign Up Controllers";
			sourceTree = "<group>";
		};
		5E40A3B92703E8A0001B94AC = {
			isa = PBXGroup;
			children = (
				5E40A3C42703E8A0001B94AC /* PetSitterApp */,
				5E40A3C32703E8A0001B94AC /* Products */,
				E204373005E61A7DC759E83D /* Pods */,
				EBBD277BB36312507F5782B4 /* Frameworks */,
			);
			sourceTree = "<group>";
		};
		5E40A3C32703E8A0001B94AC /* Products */ = {
			isa = PBXGroup;
			children = (
				5E40A3C22703E8A0001B94AC /* PetSitterApp.app */,
			);
			name = Products;
			sourceTree = "<group>";
		};
		5E40A3C42703E8A0001B94AC /* PetSitterApp */ = {
			isa = PBXGroup;
			children = (
				5E277E022715E51700AADE61 /* Controller */,
				5E277E012715E51300AADE61 /* View */,
				5E277E002715E50B00AADE61 /* Model */,
				5E40A3C52703E8A0001B94AC /* AppDelegate.swift */,
				5E40A3C72703E8A0001B94AC /* SceneDelegate.swift */,
				5E40A3CE2703E8A0001B94AC /* Assets.xcassets */,
				5E40A3D32703E8A0001B94AC /* Info.plist */,
			);
			path = PetSitterApp;
			sourceTree = "<group>";
		};
		E204373005E61A7DC759E83D /* Pods */ = {
			isa = PBXGroup;
			children = (
				64C81C57E7A70257E8D1C2AD /* Pods-PetSitterApp.debug.xcconfig */,
				01E12B56D454C69177FDB205 /* Pods-PetSitterApp.release.xcconfig */,
			);
			path = Pods;
			sourceTree = "<group>";
		};
		EBBD277BB36312507F5782B4 /* Frameworks */ = {
			isa = PBXGroup;
			children = (
				108D78A76DD32F1B38B62B91 /* Pods_PetSitterApp.framework */,
			);
			name = Frameworks;
			sourceTree = "<group>";
		};
/* End PBXGroup section */

/* Begin PBXNativeTarget section */
		5E40A3C12703E8A0001B94AC /* PetSitterApp */ = {
			isa = PBXNativeTarget;
			buildConfigurationList = 5E40A3D62703E8A0001B94AC /* Build configuration list for PBXNativeTarget "PetSitterApp" */;
			buildPhases = (
				CBEEF531B946E9F088DC7EBB /* [CP] Check Pods Manifest.lock */,
				5E40A3BE2703E8A0001B94AC /* Sources */,
				5E40A3BF2703E8A0001B94AC /* Frameworks */,
				5E40A3C02703E8A0001B94AC /* Resources */,
				52E15DDADE595EE5EA4043B3 /* [CP] Embed Pods Frameworks */,
			);
			buildRules = (
			);
			dependencies = (
			);
			name = PetSitterApp;
			productName = PetSitterApp;
			productReference = 5E40A3C22703E8A0001B94AC /* PetSitterApp.app */;
			productType = "com.apple.product-type.application";
		};
/* End PBXNativeTarget section */

/* Begin PBXProject section */
		5E40A3BA2703E8A0001B94AC /* Project object */ = {
			isa = PBXProject;
			attributes = {
				LastSwiftUpdateCheck = 1220;
				LastUpgradeCheck = 1220;
				TargetAttributes = {
					5E40A3C12703E8A0001B94AC = {
						CreatedOnToolsVersion = 12.2;
					};
				};
			};
			buildConfigurationList = 5E40A3BD2703E8A0001B94AC /* Build configuration list for PBXProject "PetSitterApp" */;
			compatibilityVersion = "Xcode 9.3";
			developmentRegion = en;
			hasScannedForEncodings = 0;
			knownRegions = (
				en,
				Base,
			);
			mainGroup = 5E40A3B92703E8A0001B94AC;
			productRefGroup = 5E40A3C32703E8A0001B94AC /* Products */;
			projectDirPath = "";
			projectRoot = "";
			targets = (
				5E40A3C12703E8A0001B94AC /* PetSitterApp */,
			);
		};
/* End PBXProject section */

/* Begin PBXResourcesBuildPhase section */
		5E40A3C02703E8A0001B94AC /* Resources */ = {
			isa = PBXResourcesBuildPhase;
			buildActionMask = 2147483647;
			files = (
				5E40A3D22703E8A0001B94AC /* LaunchScreen.storyboard in Resources */,
				5E40A3CF2703E8A0001B94AC /* Assets.xcassets in Resources */,
				5E40A3CD2703E8A0001B94AC /* Main.storyboard in Resources */,
			);
			runOnlyForDeploymentPostprocessing = 0;
		};
/* End PBXResourcesBuildPhase section */

/* Begin PBXShellScriptBuildPhase section */
		52E15DDADE595EE5EA4043B3 /* [CP] Embed Pods Frameworks */ = {
			isa = PBXShellScriptBuildPhase;
			buildActionMask = 2147483647;
			files = (
			);
			inputFileListPaths = (
				"${PODS_ROOT}/Target Support Files/Pods-PetSitterApp/Pods-PetSitterApp-frameworks-${CONFIGURATION}-input-files.xcfilelist",
			);
			name = "[CP] Embed Pods Frameworks";
			outputFileListPaths = (
				"${PODS_ROOT}/Target Support Files/Pods-PetSitterApp/Pods-PetSitterApp-frameworks-${CONFIGURATION}-output-files.xcfilelist",
			);
			runOnlyForDeploymentPostprocessing = 0;
			shellPath = /bin/sh;
			shellScript = "\"${PODS_ROOT}/Target Support Files/Pods-PetSitterApp/Pods-PetSitterApp-frameworks.sh\"\n";
			showEnvVarsInLog = 0;
		};
		CBEEF531B946E9F088DC7EBB /* [CP] Check Pods Manifest.lock */ = {
			isa = PBXShellScriptBuildPhase;
			buildActionMask = 2147483647;
			files = (
			);
			inputFileListPaths = (
			);
			inputPaths = (
				"${PODS_PODFILE_DIR_PATH}/Podfile.lock",
				"${PODS_ROOT}/Manifest.lock",
			);
			name = "[CP] Check Pods Manifest.lock";
			outputFileListPaths = (
			);
			outputPaths = (
				"$(DERIVED_FILE_DIR)/Pods-PetSitterApp-checkManifestLockResult.txt",
			);
			runOnlyForDeploymentPostprocessing = 0;
			shellPath = /bin/sh;
			shellScript = "diff \"${PODS_PODFILE_DIR_PATH}/Podfile.lock\" \"${PODS_ROOT}/Manifest.lock\" > /dev/null\nif [ $? != 0 ] ; then\n    # print error to STDERR\n    echo \"error: The sandbox is not in sync with the Podfile.lock. Run 'pod install' or update your CocoaPods installation.\" >&2\n    exit 1\nfi\n# This output is used by Xcode 'outputs' to avoid re-running this script phase.\necho \"SUCCESS\" > \"${SCRIPT_OUTPUT_FILE_0}\"\n";
			showEnvVarsInLog = 0;
		};
/* End PBXShellScriptBuildPhase section */

/* Begin PBXSourcesBuildPhase section */
		5E40A3BE2703E8A0001B94AC /* Sources */ = {
			isa = PBXSourcesBuildPhase;
			buildActionMask = 2147483647;
			files = (
				5E277DFD2715E3F700AADE61 /* LoginViewController.swift in Sources */,
				5E277E102715EB0600AADE61 /* UserInfoViewController.swift in Sources */,
				5E40A3C62703E8A0001B94AC /* AppDelegate.swift in Sources */,
				5E40A3C82703E8A0001B94AC /* SceneDelegate.swift in Sources */,
				5E277E132715EB1100AADE61 /* UserRegisterViewController.swift in Sources */,
				5E2E69E9273C3DD40060D395 /* BookingCell.swift in Sources */,
				5EAFFED0271F6BC8005A02CA /* ViewUserInfoViewController.swift in Sources */,
				5E277E062715EAC500AADE61 /* UserTypeViewController.swift in Sources */,
				5E66193F271669C4006191D2 /* UserHomeScreenTableViewCell.swift in Sources */,
				5E277E0D2715EAFA00AADE61 /* UserContactViewController.swift in Sources */,
				5E38AE12271E57AC00F48879 /* SitterDetailsViewController.swift in Sources */,
				5E277E162715EB1A00AADE61 /* UserPhotoViewController.swift in Sources */,
				5E66193C271665ED006191D2 /* UserHomeScreenViewController.swift in Sources */,
				5EAFFED3271F6E96005A02CA /* PetCollectionViewCell.swift in Sources */,
				5E277E0A2715EAD900AADE61 /* UserNameViewController.swift in Sources */,
				5E2E69E6273C3DBA0060D395 /* MyBookingsViewController.swift in Sources */,
			);
			runOnlyForDeploymentPostprocessing = 0;
		};
/* End PBXSourcesBuildPhase section */

/* Begin PBXVariantGroup section */
		5E40A3CB2703E8A0001B94AC /* Main.storyboard */ = {
			isa = PBXVariantGroup;
			children = (
				5E40A3CC2703E8A0001B94AC /* Base */,
			);
			name = Main.storyboard;
			sourceTree = "<group>";
		};
		5E40A3D02703E8A0001B94AC /* LaunchScreen.storyboard */ = {
			isa = PBXVariantGroup;
			children = (
				5E40A3D12703E8A0001B94AC /* Base */,
			);
			name = LaunchScreen.storyboard;
			sourceTree = "<group>";
		};
/* End PBXVariantGroup section */

/* Begin XCBuildConfiguration section */
		5E40A3D42703E8A0001B94AC /* Debug */ = {
			isa = XCBuildConfiguration;
			buildSettings = {
				ALWAYS_SEARCH_USER_PATHS = NO;
				CLANG_ANALYZER_NONNULL = YES;
				CLANG_ANALYZER_NUMBER_OBJECT_CONVERSION = YES_AGGRESSIVE;
				CLANG_CXX_LANGUAGE_STANDARD = "gnu++14";
				CLANG_CXX_LIBRARY = "libc++";
				CLANG_ENABLE_MODULES = YES;
				CLANG_ENABLE_OBJC_ARC = YES;
				CLANG_ENABLE_OBJC_WEAK = YES;
				CLANG_WARN_BLOCK_CAPTURE_AUTORELEASING = YES;
				CLANG_WARN_BOOL_CONVERSION = YES;
				CLANG_WARN_COMMA = YES;
				CLANG_WARN_CONSTANT_CONVERSION = YES;
				CLANG_WARN_DEPRECATED_OBJC_IMPLEMENTATIONS = YES;
				CLANG_WARN_DIRECT_OBJC_ISA_USAGE = YES_ERROR;
				CLANG_WARN_DOCUMENTATION_COMMENTS = YES;
				CLANG_WARN_EMPTY_BODY = YES;
				CLANG_WARN_ENUM_CONVERSION = YES;
				CLANG_WARN_INFINITE_RECURSION = YES;
				CLANG_WARN_INT_CONVERSION = YES;
				CLANG_WARN_NON_LITERAL_NULL_CONVERSION = YES;
				CLANG_WARN_OBJC_IMPLICIT_RETAIN_SELF = YES;
				CLANG_WARN_OBJC_LITERAL_CONVERSION = YES;
				CLANG_WARN_OBJC_ROOT_CLASS = YES_ERROR;
				CLANG_WARN_QUOTED_INCLUDE_IN_FRAMEWORK_HEADER = YES;
				CLANG_WARN_RANGE_LOOP_ANALYSIS = YES;
				CLANG_WARN_STRICT_PROTOTYPES = YES;
				CLANG_WARN_SUSPICIOUS_MOVE = YES;
				CLANG_WARN_UNGUARDED_AVAILABILITY = YES_AGGRESSIVE;
				CLANG_WARN_UNREACHABLE_CODE = YES;
				CLANG_WARN__DUPLICATE_METHOD_MATCH = YES;
				COPY_PHASE_STRIP = NO;
				DEBUG_INFORMATION_FORMAT = dwarf;
				ENABLE_STRICT_OBJC_MSGSEND = YES;
				ENABLE_TESTABILITY = YES;
				GCC_C_LANGUAGE_STANDARD = gnu11;
				GCC_DYNAMIC_NO_PIC = NO;
				GCC_NO_COMMON_BLOCKS = YES;
				GCC_OPTIMIZATION_LEVEL = 0;
				GCC_PREPROCESSOR_DEFINITIONS = (
					"DEBUG=1",
					"$(inherited)",
				);
				GCC_WARN_64_TO_32_BIT_CONVERSION = YES;
				GCC_WARN_ABOUT_RETURN_TYPE = YES_ERROR;
				GCC_WARN_UNDECLARED_SELECTOR = YES;
				GCC_WARN_UNINITIALIZED_AUTOS = YES_AGGRESSIVE;
				GCC_WARN_UNUSED_FUNCTION = YES;
				GCC_WARN_UNUSED_VARIABLE = YES;
				IPHONEOS_DEPLOYMENT_TARGET = 14.2;
				MTL_ENABLE_DEBUG_INFO = INCLUDE_SOURCE;
				MTL_FAST_MATH = YES;
				ONLY_ACTIVE_ARCH = YES;
				SDKROOT = iphoneos;
				SWIFT_ACTIVE_COMPILATION_CONDITIONS = DEBUG;
				SWIFT_OPTIMIZATION_LEVEL = "-Onone";
			};
			name = Debug;
		};
		5E40A3D52703E8A0001B94AC /* Release */ = {
			isa = XCBuildConfiguration;
			buildSettings = {
				ALWAYS_SEARCH_USER_PATHS = NO;
				CLANG_ANALYZER_NONNULL = YES;
				CLANG_ANALYZER_NUMBER_OBJECT_CONVERSION = YES_AGGRESSIVE;
				CLANG_CXX_LANGUAGE_STANDARD = "gnu++14";
				CLANG_CXX_LIBRARY = "libc++";
				CLANG_ENABLE_MODULES = YES;
				CLANG_ENABLE_OBJC_ARC = YES;
				CLANG_ENABLE_OBJC_WEAK = YES;
				CLANG_WARN_BLOCK_CAPTURE_AUTORELEASING = YES;
				CLANG_WARN_BOOL_CONVERSION = YES;
				CLANG_WARN_COMMA = YES;
				CLANG_WARN_CONSTANT_CONVERSION = YES;
				CLANG_WARN_DEPRECATED_OBJC_IMPLEMENTATIONS = YES;
				CLANG_WARN_DIRECT_OBJC_ISA_USAGE = YES_ERROR;
				CLANG_WARN_DOCUMENTATION_COMMENTS = YES;
				CLANG_WARN_EMPTY_BODY = YES;
				CLANG_WARN_ENUM_CONVERSION = YES;
				CLANG_WARN_INFINITE_RECURSION = YES;
				CLANG_WARN_INT_CONVERSION = YES;
				CLANG_WARN_NON_LITERAL_NULL_CONVERSION = YES;
				CLANG_WARN_OBJC_IMPLICIT_RETAIN_SELF = YES;
				CLANG_WARN_OBJC_LITERAL_CONVERSION = YES;
				CLANG_WARN_OBJC_ROOT_CLASS = YES_ERROR;
				CLANG_WARN_QUOTED_INCLUDE_IN_FRAMEWORK_HEADER = YES;
				CLANG_WARN_RANGE_LOOP_ANALYSIS = YES;
				CLANG_WARN_STRICT_PROTOTYPES = YES;
				CLANG_WARN_SUSPICIOUS_MOVE = YES;
				CLANG_WARN_UNGUARDED_AVAILABILITY = YES_AGGRESSIVE;
				CLANG_WARN_UNREACHABLE_CODE = YES;
				CLANG_WARN__DUPLICATE_METHOD_MATCH = YES;
				COPY_PHASE_STRIP = NO;
				DEBUG_INFORMATION_FORMAT = "dwarf-with-dsym";
				ENABLE_NS_ASSERTIONS = NO;
				ENABLE_STRICT_OBJC_MSGSEND = YES;
				GCC_C_LANGUAGE_STANDARD = gnu11;
				GCC_NO_COMMON_BLOCKS = YES;
				GCC_WARN_64_TO_32_BIT_CONVERSION = YES;
				GCC_WARN_ABOUT_RETURN_TYPE = YES_ERROR;
				GCC_WARN_UNDECLARED_SELECTOR = YES;
				GCC_WARN_UNINITIALIZED_AUTOS = YES_AGGRESSIVE;
				GCC_WARN_UNUSED_FUNCTION = YES;
				GCC_WARN_UNUSED_VARIABLE = YES;
				IPHONEOS_DEPLOYMENT_TARGET = 14.2;
				MTL_ENABLE_DEBUG_INFO = NO;
				MTL_FAST_MATH = YES;
				SDKROOT = iphoneos;
				SWIFT_COMPILATION_MODE = wholemodule;
				SWIFT_OPTIMIZATION_LEVEL = "-O";
				VALIDATE_PRODUCT = YES;
			};
			name = Release;
		};
		5E40A3D72703E8A0001B94AC /* Debug */ = {
			isa = XCBuildConfiguration;
			baseConfigurationReference = 64C81C57E7A70257E8D1C2AD /* Pods-PetSitterApp.debug.xcconfig */;
			buildSettings = {
				ASSETCATALOG_COMPILER_APPICON_NAME = AppIcon;
				ASSETCATALOG_COMPILER_GLOBAL_ACCENT_COLOR_NAME = AccentColor;
				CODE_SIGN_STYLE = Automatic;
				DEVELOPMENT_TEAM = 6VPT56SGS7;
				INFOPLIST_FILE = PetSitterApp/Info.plist;
				IPHONEOS_DEPLOYMENT_TARGET = 14.2;
				LD_RUNPATH_SEARCH_PATHS = (
					"$(inherited)",
					"@executable_path/Frameworks",
				);
				PRODUCT_BUNDLE_IDENTIFIER = IIT.PetSitterApp;
				PRODUCT_NAME = "$(TARGET_NAME)";
				SWIFT_VERSION = 5.0;
				TARGETED_DEVICE_FAMILY = "1,2";
			};
			name = Debug;
		};
		5E40A3D82703E8A0001B94AC /* Release */ = {
			isa = XCBuildConfiguration;
			baseConfigurationReference = 01E12B56D454C69177FDB205 /* Pods-PetSitterApp.release.xcconfig */;
			buildSettings = {
				ASSETCATALOG_COMPILER_APPICON_NAME = AppIcon;
				ASSETCATALOG_COMPILER_GLOBAL_ACCENT_COLOR_NAME = AccentColor;
				CODE_SIGN_STYLE = Automatic;
				DEVELOPMENT_TEAM = 6VPT56SGS7;
				INFOPLIST_FILE = PetSitterApp/Info.plist;
				IPHONEOS_DEPLOYMENT_TARGET = 14.2;
				LD_RUNPATH_SEARCH_PATHS = (
					"$(inherited)",
					"@executable_path/Frameworks",
				);
				PRODUCT_BUNDLE_IDENTIFIER = IIT.PetSitterApp;
				PRODUCT_NAME = "$(TARGET_NAME)";
				SWIFT_VERSION = 5.0;
				TARGETED_DEVICE_FAMILY = "1,2";
			};
			name = Release;
		};
/* End XCBuildConfiguration section */

/* Begin XCConfigurationList section */
		5E40A3BD2703E8A0001B94AC /* Build configuration list for PBXProject "PetSitterApp" */ = {
			isa = XCConfigurationList;
			buildConfigurations = (
				5E40A3D42703E8A0001B94AC /* Debug */,
				5E40A3D52703E8A0001B94AC /* Release */,
			);
			defaultConfigurationIsVisible = 0;
			defaultConfigurationName = Release;
		};
		5E40A3D62703E8A0001B94AC /* Build configuration list for PBXNativeTarget "PetSitterApp" */ = {
			isa = XCConfigurationList;
			buildConfigurations = (
				5E40A3D72703E8A0001B94AC /* Debug */,
				5E40A3D82703E8A0001B94AC /* Release */,
			);
			defaultConfigurationIsVisible = 0;
			defaultConfigurationName = Release;
		};
/* End XCConfigurationList section */
	};
	rootObject = 5E40A3BA2703E8A0001B94AC /* Project object */;
}
